
Microsoft Visual Studio Solution File, Format Version 12.00
Project("{FAE04EC0-301F-11D3-BF4B-00C04F79EFBC}") = "Tochka_Testovoe", "Tochka_Testovoe.csproj", "{4E6B621A-2966-4FB9-96DA-6C4B62085EE7}"
EndProject
Global
	GlobalSection(SolutionConfigurationPlatforms) = preSolution
		Debug|Any CPU = Debug|Any CPU
		Release|Any CPU = Release|Any CPU
	EndGlobalSection
	GlobalSection(ProjectConfigurationPlatforms) = postSolution
		{4E6B621A-2966-4FB9-96DA-6C4B62085EE7}.Debug|Any CPU.ActiveCfg = Debug|Any CPU
		{4E6B621A-2966-4FB9-96DA-6C4B62085EE7}.Debug|Any CPU.Build.0 = Debug|Any CPU
		{4E6B621A-2966-4FB9-96DA-6C4B62085EE7}.Release|Any CPU.ActiveCfg = Release|Any CPU
		{4E6B621A-2966-4FB9-96DA-6C4B62085EE7}.Release|Any CPU.Build.0 = Release|Any CPU
	EndGlobalSection
EndGlobal
